
Microsoft Visual Studio Solution File, Format Version 12.00
# Visual Studio 15
VisualStudioVersion = 15.0.28307.779
MinimumVisualStudioVersion = 10.0.40219.1
Project("{FAE04EC0-301F-11D3-BF4B-00C04F79EFBC}") = "IT2030_Lab8_MeganOstrander_Authorization", "IT2030_Lab8_MeganOstrander_Authorization\IT2030_Lab8_MeganOstrander_Authorization.csproj", "{2B959D84-315A-4669-A098-64EC7BAA5CDC}"
EndProject
Global
	GlobalSection(SolutionConfigurationPlatforms) = preSolution
		Debug|Any CPU = Debug|Any CPU
		Release|Any CPU = Release|Any CPU
	EndGlobalSection
	GlobalSection(ProjectConfigurationPlatforms) = postSolution
		{2B959D84-315A-4669-A098-64EC7BAA5CDC}.Debug|Any CPU.ActiveCfg = Debug|Any CPU
		{2B959D84-315A-4669-A098-64EC7BAA5CDC}.Debug|Any CPU.Build.0 = Debug|Any CPU
		{2B959D84-315A-4669-A098-64EC7BAA5CDC}.Release|Any CPU.ActiveCfg = Release|Any CPU
		{2B959D84-315A-4669-A098-64EC7BAA5CDC}.Release|Any CPU.Build.0 = Release|Any CPU
	EndGlobalSection
	GlobalSection(SolutionProperties) = preSolution
		HideSolutionNode = FALSE
	EndGlobalSection
	GlobalSection(ExtensibilityGlobals) = postSolution
		SolutionGuid = {14281C9A-649C-40DF-921A-057CED331D55}
	EndGlobalSection
EndGlobal
