
Microsoft Visual Studio Solution File, Format Version 12.00
# Visual Studio 15
VisualStudioVersion = 15.0.28307.779
MinimumVisualStudioVersion = 10.0.40219.1
Project("{FAE04EC0-301F-11D3-BF4B-00C04F79EFBC}") = "MVCMusicStoreApplication", "MVCMusicStoreApplication\MVCMusicStoreApplication.csproj", "{93AA62D6-D37A-48E9-9122-391E2E57D838}"
EndProject
Global
	GlobalSection(SolutionConfigurationPlatforms) = preSolution
		Debug|Any CPU = Debug|Any CPU
		Release|Any CPU = Release|Any CPU
	EndGlobalSection
	GlobalSection(ProjectConfigurationPlatforms) = postSolution
		{93AA62D6-D37A-48E9-9122-391E2E57D838}.Debug|Any CPU.ActiveCfg = Debug|Any CPU
		{93AA62D6-D37A-48E9-9122-391E2E57D838}.Debug|Any CPU.Build.0 = Debug|Any CPU
		{93AA62D6-D37A-48E9-9122-391E2E57D838}.Release|Any CPU.ActiveCfg = Release|Any CPU
		{93AA62D6-D37A-48E9-9122-391E2E57D838}.Release|Any CPU.Build.0 = Release|Any CPU
	EndGlobalSection
	GlobalSection(SolutionProperties) = preSolution
		HideSolutionNode = FALSE
	EndGlobalSection
	GlobalSection(ExtensibilityGlobals) = postSolution
		SolutionGuid = {30C353B7-4B34-417E-B350-AB95929B12E1}
	EndGlobalSection
EndGlobal
